
Microsoft Visual Studio Solution File, Format Version 12.00
# Visual Studio Version 17
VisualStudioVersion = 17.8.34525.116
MinimumVisualStudioVersion = 10.0.40219.1
Project("{FAE04EC0-301F-11D3-BF4B-00C04F79EFBC}") = "MergeTextListCsv", "MergeTextListCsv\MergeTextListCsv.csproj", "{8AF5457A-779D-40C6-B399-D8C38A74DD7C}"
EndProject
Global
	GlobalSection(SolutionConfigurationPlatforms) = preSolution
		Debug|Any CPU = Debug|Any CPU
		Release|Any CPU = Release|Any CPU
	EndGlobalSection
	GlobalSection(ProjectConfigurationPlatforms) = postSolution
		{8AF5457A-779D-40C6-B399-D8C38A74DD7C}.Debug|Any CPU.ActiveCfg = Debug|Any CPU
		{8AF5457A-779D-40C6-B399-D8C38A74DD7C}.Debug|Any CPU.Build.0 = Debug|Any CPU
		{8AF5457A-779D-40C6-B399-D8C38A74DD7C}.Release|Any CPU.ActiveCfg = Release|Any CPU
		{8AF5457A-779D-40C6-B399-D8C38A74DD7C}.Release|Any CPU.Build.0 = Release|Any CPU
	EndGlobalSection
	GlobalSection(SolutionProperties) = preSolution
		HideSolutionNode = FALSE
	EndGlobalSection
	GlobalSection(ExtensibilityGlobals) = postSolution
		SolutionGuid = {2AC357C6-3C26-4622-ABB2-0AC8C99E3B7D}
	EndGlobalSection
EndGlobal
